{
    "hash": "c89887b4fbe7a71be6db18ce65424aee",
    "packages": [
        {
            "package": "doctrine/common",
            "version": "2.2.1"
        },
        {
            "package": "doctrine/dbal",
            "version": "2.2.1"
        },
        {
            "package": "doctrine/doctrine-bundle",
            "version": "dev-master",
            "source-reference": "dd3d35dd28e864fb908a70f8b206d1209aa2c333"
        },
        {
            "package": "doctrine/orm",
            "version": "2.2.0"
        },
        {
            "package": "friendsofsymfony/user-bundle",
            "version": "dev-master",
            "source-reference": "b706553b4f7784c56398088a0d050bd92dd6c4ac"
        },
        {
            "package": "jms/aop-bundle",
            "version": "1.0.0"
        },
        {
            "package": "jms/cg",
            "version": "1.0.0"
        },
        {
            "package": "jms/metadata",
            "version": "1.1.1"
        },
        {
            "package": "jms/security-extra-bundle",
            "version": "dev-master",
            "source-reference": "b564463433aed66e9dddad8cbb761afff5a80cb4"
        },
        {
            "package": "kriswallsmith/assetic",
            "version": "dev-master",
            "source-reference": "e43f26fb2c5dddc4c4c4cf783bce68eac6326f20"
        },
        {
            "package": "monolog/monolog",
            "version": "1.0.2"
        },
        {
            "package": "mopa/bootstrap-bundle",
            "version": "dev-master",
            "source-reference": "ced50a352d8796ada4d5449c290b8ea82b1db57f"
        },
        {
            "package": "pear-phing/phing",
            "version": "2.4.9"
        },
        {
            "package": "propel/propel-bundle",
            "version": "dev-master",
            "source-reference": "e15eccc0cded18133cb4e2162eb3623300fea43b"
        },
        {
            "package": "propel/propel1",
            "version": "dev-master",
            "source-reference": "ac4eb5014d9997d56287bce8e23670399e394235"
        },
        {
            "package": "sensio/distribution-bundle",
            "version": "dev-master",
            "source-reference": "e78f65f36b27ba07b1e44241b4cf5443e80d7bd5"
        },
        {
            "package": "sensio/framework-extra-bundle",
            "version": "dev-master",
            "source-reference": "7e1e52a241558264253179bb790f4c5d25544fb4"
        },
        {
            "package": "sensio/generator-bundle",
            "version": "dev-master",
            "source-reference": "06d07e0514d310be8d5630bfd93637136991c30c"
        },
        {
            "package": "swiftmailer/swiftmailer",
            "version": "4.1.6"
        },
        {
            "package": "symfony/assetic-bundle",
            "version": "dev-master",
            "source-reference": "b9cff021abc3d9433a892fa9908d9856393c0d09"
        },
        {
            "package": "symfony/monolog-bundle",
            "version": "dev-master",
            "source-reference": "289442e385e7c0fe4aa2e8884d11e774a8f9ad99"
        },
        {
            "package": "symfony/swiftmailer-bridge",
            "version": "dev-master",
            "source-reference": "23b8d5c049bb3dfb67ec04bbea09464da27c4ec7"
        },
        {
            "package": "symfony/swiftmailer-bundle",
            "version": "dev-master",
            "source-reference": "75f8f95c201922a966274547131b33291d15d51b"
        },
        {
            "package": "symfony/symfony",
            "version": "dev-master",
            "source-reference": "b9de0be3499c938926401219711353476ed100c9",
            "alias": "2.1.9999999.9999999-dev"
        },
        {
            "package": "twig/extensions",
            "version": "dev-master",
            "source-reference": "1dfff8e793f50f651c4f74f796c2c68a4aee3147"
        },
        {
            "package": "twig/twig",
            "version": "1.6.4"
        },
        {
            "package": "willdurand/TypehintableBehavior",
            "version": "0.1.0"
        }
    ],
    "aliases": []
}
