{
    "hash": "60c6ad7b1b1e741d2390697910b2bb17",
    "packages": [
        {
            "package": "doctrine/common",
            "version": "2.2.1"
        },
        {
            "package": "doctrine/dbal",
            "version": "2.2.1"
        },
        {
            "package": "doctrine/doctrine-bundle",
            "version": "dev-master",
            "source-reference": "dd3d35dd28e864fb908a70f8b206d1209aa2c333"
        },
        {
            "package": "doctrine/orm",
            "version": "2.2.0"
        },
        {
            "package": "friendsofsymfony/user-bundle",
            "version": "dev-master",
            "source-reference": "b706553b4f7784c56398088a0d050bd92dd6c4ac"
        },
        {
            "package": "jms/aop-bundle",
            "version": "1.0.0"
        },
        {
            "package": "jms/cg",
            "version": "1.0.0"
        },
        {
            "package": "jms/metadata",
            "version": "1.1.1"
        },
        {
            "package": "jms/security-extra-bundle",
            "version": "dev-master",
            "source-reference": "b564463433aed66e9dddad8cbb761afff5a80cb4"
        },
        {
            "package": "kriswallsmith/assetic",
            "version": "dev-master",
            "source-reference": "b25d1fdd07a70585d15c84735e82664acec88eab"
        },
        {
            "package": "monolog/monolog",
            "version": "1.0.2"
        },
        {
            "package": "mopa/bootstrap-bundle",
            "version": "dev-master",
            "source-reference": "ced50a352d8796ada4d5449c290b8ea82b1db57f"
        },
        {
            "package": "pear-phing/phing",
            "version": "2.4.9"
        },
        {
            "package": "phing/phing",
            "version": "2.4.12"
        },
        {
            "package": "propel/propel-bundle",
            "version": "dev-master",
            "source-reference": "0.5"
        },
        {
            "package": "propel/propel1",
            "version": "dev-master",
            "source-reference": "d6506a592f3b2a3f2411e07c1e184a4dde26e490",
            "alias": "1.6.9999999.9999999-dev"
        },
        {
            "package": "sensio/distribution-bundle",
            "version": "dev-master",
            "source-reference": "38be63ebb45cc1fbeaff3f2bdf6d0ed216305a24"
        },
        {
            "package": "sensio/framework-extra-bundle",
            "version": "dev-master",
            "source-reference": "94a9615c6e52a3d02ca7f44eee56f20e0c5c4622"
        },
        {
            "package": "sensio/generator-bundle",
            "version": "dev-master",
            "source-reference": "06d07e0514d310be8d5630bfd93637136991c30c"
        },
        {
            "package": "swiftmailer/swiftmailer",
            "version": "4.1.6"
        },
        {
            "package": "symfony/assetic-bundle",
            "version": "dev-master",
            "source-reference": "a771e48366d80002b0046ba43e658d067170634d"
        },
        {
            "package": "symfony/monolog-bundle",
            "version": "dev-master",
            "source-reference": "289442e385e7c0fe4aa2e8884d11e774a8f9ad99"
        },
        {
            "package": "symfony/swiftmailer-bridge",
            "version": "dev-master",
            "source-reference": "23b8d5c049bb3dfb67ec04bbea09464da27c4ec7"
        },
        {
            "package": "symfony/swiftmailer-bundle",
            "version": "dev-master",
            "source-reference": "75f8f95c201922a966274547131b33291d15d51b"
        },
        {
            "package": "symfony/symfony",
            "version": "dev-master",
            "source-reference": "127cff0aa8b2a6f7e388f180e471f748e6a1dec3",
            "alias": "2.1.9999999.9999999-dev"
        },
        {
            "package": "twig/extensions",
            "version": "dev-master",
            "source-reference": "4c831657215e51568fcb31bb9142e827f9a69bd5"
        },
        {
            "package": "twig/twig",
            "version": "dev-master",
            "source-reference": "46ae99fa4c11f76248b12da647fe64399f860e82",
            "alias": "1.7.9999999.9999999-dev"
        },
        {
            "package": "twitter/bootstrap",
            "version": "master",
            "source-reference": "master"
        },
        {
            "package": "willdurand/TypehintableBehavior",
            "version": "0.1.0"
        }
    ],
    "aliases": []
}
